
Microsoft Visual Studio Solution File, Format Version 12.00
# Visual Studio 15
VisualStudioVersion = 15.0.27703.2000
MinimumVisualStudioVersion = 10.0.40219.1
Project("{9A19103F-16F7-4668-BE54-9A1E7A4F7556}") = "HobbyLobbySB", "HobbyLobbySB\HobbyLobbySB.csproj", "{4F9E293B-0985-4B0E-92FE-FBC6F5EFD918}"
EndProject
Project("{FAE04EC0-301F-11D3-BF4B-00C04F79EFBC}") = "HobbyLobbySBView", "HobbyLobbySBView\HobbyLobbySBView.csproj", "{31CA72DE-4FE4-4095-8F91-A8296C9EECCE}"
EndProject
Global
	GlobalSection(SolutionConfigurationPlatforms) = preSolution
		Debug|Any CPU = Debug|Any CPU
		Release|Any CPU = Release|Any CPU
	EndGlobalSection
	GlobalSection(ProjectConfigurationPlatforms) = postSolution
		{4F9E293B-0985-4B0E-92FE-FBC6F5EFD918}.Debug|Any CPU.ActiveCfg = Debug|Any CPU
		{4F9E293B-0985-4B0E-92FE-FBC6F5EFD918}.Debug|Any CPU.Build.0 = Debug|Any CPU
		{4F9E293B-0985-4B0E-92FE-FBC6F5EFD918}.Release|Any CPU.ActiveCfg = Release|Any CPU
		{4F9E293B-0985-4B0E-92FE-FBC6F5EFD918}.Release|Any CPU.Build.0 = Release|Any CPU
		{31CA72DE-4FE4-4095-8F91-A8296C9EECCE}.Debug|Any CPU.ActiveCfg = Debug|Any CPU
		{31CA72DE-4FE4-4095-8F91-A8296C9EECCE}.Debug|Any CPU.Build.0 = Debug|Any CPU
		{31CA72DE-4FE4-4095-8F91-A8296C9EECCE}.Release|Any CPU.ActiveCfg = Release|Any CPU
		{31CA72DE-4FE4-4095-8F91-A8296C9EECCE}.Release|Any CPU.Build.0 = Release|Any CPU
	EndGlobalSection
	GlobalSection(SolutionProperties) = preSolution
		HideSolutionNode = FALSE
	EndGlobalSection
	GlobalSection(ExtensibilityGlobals) = postSolution
		SolutionGuid = {8A7D9339-9E81-429B-AA08-00DDE0F29596}
	EndGlobalSection
EndGlobal
